
Microsoft Visual Studio Solution File, Format Version 12.00
# Visual Studio 15
VisualStudioVersion = 15.0.28010.2046
MinimumVisualStudioVersion = 10.0.40219.1
Project("{FAE04EC0-301F-11D3-BF4B-00C04F79EFBC}") = "çokBoyutluDizi", "çokBoyutluDizi\çokBoyutluDizi.csproj", "{136C16A1-D147-4C34-A122-FAECA93B12C8}"
EndProject
Global
	GlobalSection(SolutionConfigurationPlatforms) = preSolution
		Debug|Any CPU = Debug|Any CPU
		Release|Any CPU = Release|Any CPU
	EndGlobalSection
	GlobalSection(ProjectConfigurationPlatforms) = postSolution
		{136C16A1-D147-4C34-A122-FAECA93B12C8}.Debug|Any CPU.ActiveCfg = Debug|Any CPU
		{136C16A1-D147-4C34-A122-FAECA93B12C8}.Debug|Any CPU.Build.0 = Debug|Any CPU
		{136C16A1-D147-4C34-A122-FAECA93B12C8}.Release|Any CPU.ActiveCfg = Release|Any CPU
		{136C16A1-D147-4C34-A122-FAECA93B12C8}.Release|Any CPU.Build.0 = Release|Any CPU
	EndGlobalSection
	GlobalSection(SolutionProperties) = preSolution
		HideSolutionNode = FALSE
	EndGlobalSection
	GlobalSection(ExtensibilityGlobals) = postSolution
		SolutionGuid = {D1D28C37-49B1-4B2A-B8CD-EC5D551B08B1}
	EndGlobalSection
EndGlobal
