
Microsoft Visual Studio Solution File, Format Version 12.00
# Visual Studio 15
VisualStudioVersion = 15.0.28010.2046
MinimumVisualStudioVersion = 10.0.40219.1
Project("{FAE04EC0-301F-11D3-BF4B-00C04F79EFBC}") = "piSayisinaBolen", "piSayisinaBolen\piSayisinaBolen.csproj", "{54E33832-80CB-4631-ABB1-D385B3346E16}"
EndProject
Project("{FAE04EC0-301F-11D3-BF4B-00C04F79EFBC}") = "positiveOrNegative", "..\positiveOrNegative\positiveOrNegative.csproj", "{B890055A-FC2F-47C2-B43F-9360AB22E1F6}"
EndProject
Global
	GlobalSection(SolutionConfigurationPlatforms) = preSolution
		Debug|Any CPU = Debug|Any CPU
		Release|Any CPU = Release|Any CPU
	EndGlobalSection
	GlobalSection(ProjectConfigurationPlatforms) = postSolution
		{54E33832-80CB-4631-ABB1-D385B3346E16}.Debug|Any CPU.ActiveCfg = Debug|Any CPU
		{54E33832-80CB-4631-ABB1-D385B3346E16}.Debug|Any CPU.Build.0 = Debug|Any CPU
		{54E33832-80CB-4631-ABB1-D385B3346E16}.Release|Any CPU.ActiveCfg = Release|Any CPU
		{54E33832-80CB-4631-ABB1-D385B3346E16}.Release|Any CPU.Build.0 = Release|Any CPU
		{B890055A-FC2F-47C2-B43F-9360AB22E1F6}.Debug|Any CPU.ActiveCfg = Debug|Any CPU
		{B890055A-FC2F-47C2-B43F-9360AB22E1F6}.Debug|Any CPU.Build.0 = Debug|Any CPU
		{B890055A-FC2F-47C2-B43F-9360AB22E1F6}.Release|Any CPU.ActiveCfg = Release|Any CPU
		{B890055A-FC2F-47C2-B43F-9360AB22E1F6}.Release|Any CPU.Build.0 = Release|Any CPU
	EndGlobalSection
	GlobalSection(SolutionProperties) = preSolution
		HideSolutionNode = FALSE
	EndGlobalSection
	GlobalSection(ExtensibilityGlobals) = postSolution
		SolutionGuid = {29567416-3783-4D7F-ACBD-B587FF6D2093}
	EndGlobalSection
EndGlobal
