
Microsoft Visual Studio Solution File, Format Version 12.00
# Visual Studio 15
VisualStudioVersion = 15.0.28010.2046
MinimumVisualStudioVersion = 10.0.40219.1
Project("{FAE04EC0-301F-11D3-BF4B-00C04F79EFBC}") = "splitter", "splitter\splitter.csproj", "{145E89B2-1E08-457D-9C2E-5CF3370BFC54}"
EndProject
Global
	GlobalSection(SolutionConfigurationPlatforms) = preSolution
		Debug|Any CPU = Debug|Any CPU
		Release|Any CPU = Release|Any CPU
	EndGlobalSection
	GlobalSection(ProjectConfigurationPlatforms) = postSolution
		{145E89B2-1E08-457D-9C2E-5CF3370BFC54}.Debug|Any CPU.ActiveCfg = Debug|Any CPU
		{145E89B2-1E08-457D-9C2E-5CF3370BFC54}.Debug|Any CPU.Build.0 = Debug|Any CPU
		{145E89B2-1E08-457D-9C2E-5CF3370BFC54}.Release|Any CPU.ActiveCfg = Release|Any CPU
		{145E89B2-1E08-457D-9C2E-5CF3370BFC54}.Release|Any CPU.Build.0 = Release|Any CPU
	EndGlobalSection
	GlobalSection(SolutionProperties) = preSolution
		HideSolutionNode = FALSE
	EndGlobalSection
	GlobalSection(ExtensibilityGlobals) = postSolution
		SolutionGuid = {703A0AD2-3C22-49E7-BE5E-6A75F6F30E24}
	EndGlobalSection
EndGlobal
