
Microsoft Visual Studio Solution File, Format Version 12.00
# Visual Studio 15
VisualStudioVersion = 15.0.28010.2046
MinimumVisualStudioVersion = 10.0.40219.1
Project("{FAE04EC0-301F-11D3-BF4B-00C04F79EFBC}") = "calisanlarUygulamasi", "calisanlarUygulamasi\calisanlarUygulamasi.csproj", "{85A05ED4-A1F7-4C4F-8BC7-5CEC9008E451}"
EndProject
Global
	GlobalSection(SolutionConfigurationPlatforms) = preSolution
		Debug|Any CPU = Debug|Any CPU
		Release|Any CPU = Release|Any CPU
	EndGlobalSection
	GlobalSection(ProjectConfigurationPlatforms) = postSolution
		{85A05ED4-A1F7-4C4F-8BC7-5CEC9008E451}.Debug|Any CPU.ActiveCfg = Debug|Any CPU
		{85A05ED4-A1F7-4C4F-8BC7-5CEC9008E451}.Debug|Any CPU.Build.0 = Debug|Any CPU
		{85A05ED4-A1F7-4C4F-8BC7-5CEC9008E451}.Release|Any CPU.ActiveCfg = Release|Any CPU
		{85A05ED4-A1F7-4C4F-8BC7-5CEC9008E451}.Release|Any CPU.Build.0 = Release|Any CPU
	EndGlobalSection
	GlobalSection(SolutionProperties) = preSolution
		HideSolutionNode = FALSE
	EndGlobalSection
	GlobalSection(ExtensibilityGlobals) = postSolution
		SolutionGuid = {CD666D99-0FB4-44C8-9614-ADDC9F4126FF}
	EndGlobalSection
EndGlobal
