
Microsoft Visual Studio Solution File, Format Version 12.00
# Visual Studio 15
VisualStudioVersion = 15.0.28010.2046
MinimumVisualStudioVersion = 10.0.40219.1
Project("{FAE04EC0-301F-11D3-BF4B-00C04F79EFBC}") = "positiveOrNegative", "positiveOrNegative\positiveOrNegative.csproj", "{BBFD72E7-8B12-4C3C-83EF-CCCF2DC951D5}"
EndProject
Global
	GlobalSection(SolutionConfigurationPlatforms) = preSolution
		Debug|Any CPU = Debug|Any CPU
		Release|Any CPU = Release|Any CPU
	EndGlobalSection
	GlobalSection(ProjectConfigurationPlatforms) = postSolution
		{BBFD72E7-8B12-4C3C-83EF-CCCF2DC951D5}.Debug|Any CPU.ActiveCfg = Debug|Any CPU
		{BBFD72E7-8B12-4C3C-83EF-CCCF2DC951D5}.Debug|Any CPU.Build.0 = Debug|Any CPU
		{BBFD72E7-8B12-4C3C-83EF-CCCF2DC951D5}.Release|Any CPU.ActiveCfg = Release|Any CPU
		{BBFD72E7-8B12-4C3C-83EF-CCCF2DC951D5}.Release|Any CPU.Build.0 = Release|Any CPU
	EndGlobalSection
	GlobalSection(SolutionProperties) = preSolution
		HideSolutionNode = FALSE
	EndGlobalSection
	GlobalSection(ExtensibilityGlobals) = postSolution
		SolutionGuid = {0C585141-908D-4639-8AD3-6C87ACBA6C63}
	EndGlobalSection
EndGlobal
