
Microsoft Visual Studio Solution File, Format Version 12.00
# Visual Studio 15
VisualStudioVersion = 15.0.28010.2046
MinimumVisualStudioVersion = 10.0.40219.1
Project("{FAE04EC0-301F-11D3-BF4B-00C04F79EFBC}") = "diziToplami", "diziToplami\diziToplami.csproj", "{DBADF7E6-2F7F-4E5D-B636-F624E10C9E6E}"
EndProject
Global
	GlobalSection(SolutionConfigurationPlatforms) = preSolution
		Debug|Any CPU = Debug|Any CPU
		Release|Any CPU = Release|Any CPU
	EndGlobalSection
	GlobalSection(ProjectConfigurationPlatforms) = postSolution
		{DBADF7E6-2F7F-4E5D-B636-F624E10C9E6E}.Debug|Any CPU.ActiveCfg = Debug|Any CPU
		{DBADF7E6-2F7F-4E5D-B636-F624E10C9E6E}.Debug|Any CPU.Build.0 = Debug|Any CPU
		{DBADF7E6-2F7F-4E5D-B636-F624E10C9E6E}.Release|Any CPU.ActiveCfg = Release|Any CPU
		{DBADF7E6-2F7F-4E5D-B636-F624E10C9E6E}.Release|Any CPU.Build.0 = Release|Any CPU
	EndGlobalSection
	GlobalSection(SolutionProperties) = preSolution
		HideSolutionNode = FALSE
	EndGlobalSection
	GlobalSection(ExtensibilityGlobals) = postSolution
		SolutionGuid = {29EF3268-E71C-46BE-81ED-3FF9B7114A49}
	EndGlobalSection
EndGlobal
