
Microsoft Visual Studio Solution File, Format Version 12.00
# Visual Studio 15
VisualStudioVersion = 15.0.28010.2046
MinimumVisualStudioVersion = 10.0.40219.1
Project("{FAE04EC0-301F-11D3-BF4B-00C04F79EFBC}") = "WindowsFormsApp1", "WindowsFormsApp1\WindowsFormsApp1.csproj", "{29C0E381-15F4-4545-8467-2A6385F5A44D}"
EndProject
Global
	GlobalSection(SolutionConfigurationPlatforms) = preSolution
		Debug|Any CPU = Debug|Any CPU
		Release|Any CPU = Release|Any CPU
	EndGlobalSection
	GlobalSection(ProjectConfigurationPlatforms) = postSolution
		{29C0E381-15F4-4545-8467-2A6385F5A44D}.Debug|Any CPU.ActiveCfg = Debug|Any CPU
		{29C0E381-15F4-4545-8467-2A6385F5A44D}.Debug|Any CPU.Build.0 = Debug|Any CPU
		{29C0E381-15F4-4545-8467-2A6385F5A44D}.Release|Any CPU.ActiveCfg = Release|Any CPU
		{29C0E381-15F4-4545-8467-2A6385F5A44D}.Release|Any CPU.Build.0 = Release|Any CPU
	EndGlobalSection
	GlobalSection(SolutionProperties) = preSolution
		HideSolutionNode = FALSE
	EndGlobalSection
	GlobalSection(ExtensibilityGlobals) = postSolution
		SolutionGuid = {B61D50A6-0A59-469A-8564-2EF66B2C2855}
	EndGlobalSection
EndGlobal
