
Microsoft Visual Studio Solution File, Format Version 12.00
# Visual Studio 15
VisualStudioVersion = 15.0.28010.2046
MinimumVisualStudioVersion = 10.0.40219.1
Project("{FAE04EC0-301F-11D3-BF4B-00C04F79EFBC}") = "basariliBasarisiz", "basariliBasarisiz\basariliBasarisiz.csproj", "{0B999943-0BF2-4BDA-9DB0-27CE9476D7CB}"
EndProject
Global
	GlobalSection(SolutionConfigurationPlatforms) = preSolution
		Debug|Any CPU = Debug|Any CPU
		Release|Any CPU = Release|Any CPU
	EndGlobalSection
	GlobalSection(ProjectConfigurationPlatforms) = postSolution
		{0B999943-0BF2-4BDA-9DB0-27CE9476D7CB}.Debug|Any CPU.ActiveCfg = Debug|Any CPU
		{0B999943-0BF2-4BDA-9DB0-27CE9476D7CB}.Debug|Any CPU.Build.0 = Debug|Any CPU
		{0B999943-0BF2-4BDA-9DB0-27CE9476D7CB}.Release|Any CPU.ActiveCfg = Release|Any CPU
		{0B999943-0BF2-4BDA-9DB0-27CE9476D7CB}.Release|Any CPU.Build.0 = Release|Any CPU
	EndGlobalSection
	GlobalSection(SolutionProperties) = preSolution
		HideSolutionNode = FALSE
	EndGlobalSection
	GlobalSection(ExtensibilityGlobals) = postSolution
		SolutionGuid = {0DC33168-7410-4514-91B1-B898DBDAE67A}
	EndGlobalSection
EndGlobal
